
Microsoft Visual Studio Solution File, Format Version 12.00
# Visual Studio Version 16
VisualStudioVersion = 16.0.31129.286
MinimumVisualStudioVersion = 10.0.40219.1
Project("{FAE04EC0-301F-11D3-BF4B-00C04F79EFBC}") = "AutoReact", "AutoReact\AutoReact.csproj", "{A1F777D1-A80B-4A05-B3A0-5694BDD94152}"
EndProject
Global
	GlobalSection(SolutionConfigurationPlatforms) = preSolution
		Debug|Any CPU = Debug|Any CPU
		Release|Any CPU = Release|Any CPU
	EndGlobalSection
	GlobalSection(ProjectConfigurationPlatforms) = postSolution
		{A1F777D1-A80B-4A05-B3A0-5694BDD94152}.Debug|Any CPU.ActiveCfg = Debug|Any CPU
		{A1F777D1-A80B-4A05-B3A0-5694BDD94152}.Debug|Any CPU.Build.0 = Debug|Any CPU
		{A1F777D1-A80B-4A05-B3A0-5694BDD94152}.Release|Any CPU.ActiveCfg = Release|Any CPU
		{A1F777D1-A80B-4A05-B3A0-5694BDD94152}.Release|Any CPU.Build.0 = Release|Any CPU
	EndGlobalSection
	GlobalSection(SolutionProperties) = preSolution
		HideSolutionNode = FALSE
	EndGlobalSection
	GlobalSection(ExtensibilityGlobals) = postSolution
		SolutionGuid = {ACA3F638-3C09-4C50-B330-3265E81324E4}
	EndGlobalSection
EndGlobal
